Microsoft Visual Studio Solution File, Format Version 8.00
Project("{8BC9CEB8-8B4A-11D0-8D11-00A0C91BC942}") = "sumer64", "sumer64.vcproj", "{63116002-A0BF-4AFB-8EB9-DF3033AC756C}"
	ProjectSection(ProjectDependencies) = postProject
	EndProjectSection
EndProject
Global
	GlobalSection(SolutionConfiguration) = preSolution
		Debug = Debug
		Release = Release
	EndGlobalSection
	GlobalSection(ProjectDependencies) = postSolution
	EndGlobalSection
	GlobalSection(ProjectConfiguration) = postSolution
		{63116002-A0BF-4AFB-8EB9-DF3033AC756C}.Debug.ActiveCfg = Debug|Win32
		{63116002-A0BF-4AFB-8EB9-DF3033AC756C}.Debug.Build.0 = Debug|Win32
		{63116002-A0BF-4AFB-8EB9-DF3033AC756C}.Release.ActiveCfg = Release|Win32
		{63116002-A0BF-4AFB-8EB9-DF3033AC756C}.Release.Build.0 = Release|Win32
	EndGlobalSection
	GlobalSection(ExtensibilityGlobals) = postSolution
	EndGlobalSection
	GlobalSection(ExtensibilityAddIns) = postSolution
	EndGlobalSection
EndGlobal
